
Microsoft Visual Studio Solution File, Format Version 12.00
# Visual Studio Version 17
VisualStudioVersion = 17.9.34622.214
MinimumVisualStudioVersion = 10.0.40219.1
Project("{FAE04EC0-301F-11D3-BF4B-00C04F79EFBC}") = "aspcoreFormsAndValidation", "aspcoreFormsAndValidation\aspcoreFormsAndValidation.csproj", "{1C57D07E-4654-497F-B76E-F239BA14576B}"
EndProject
Global
	GlobalSection(SolutionConfigurationPlatforms) = preSolution
		Debug|Any CPU = Debug|Any CPU
		Release|Any CPU = Release|Any CPU
	EndGlobalSection
	GlobalSection(ProjectConfigurationPlatforms) = postSolution
		{1C57D07E-4654-497F-B76E-F239BA14576B}.Debug|Any CPU.ActiveCfg = Debug|Any CPU
		{1C57D07E-4654-497F-B76E-F239BA14576B}.Debug|Any CPU.Build.0 = Debug|Any CPU
		{1C57D07E-4654-497F-B76E-F239BA14576B}.Release|Any CPU.ActiveCfg = Release|Any CPU
		{1C57D07E-4654-497F-B76E-F239BA14576B}.Release|Any CPU.Build.0 = Release|Any CPU
	EndGlobalSection
	GlobalSection(SolutionProperties) = preSolution
		HideSolutionNode = FALSE
	EndGlobalSection
	GlobalSection(ExtensibilityGlobals) = postSolution
		SolutionGuid = {51F33A9D-4FD3-498B-A714-F63FC278FE9B}
	EndGlobalSection
EndGlobal
